
Microsoft Visual Studio Solution File, Format Version 12.00
# Visual Studio 15
VisualStudioVersion = 15.0.27130.2003
MinimumVisualStudioVersion = 10.0.40219.1
Project("{9A19103F-16F7-4668-BE54-9A1E7A4F7556}") = "linuxhatdemo", "linuxhatdemo.csproj", "{67B70B5B-96F2-4DE0-BF1F-3E692B32551F}"
EndProject
Global
	GlobalSection(SolutionConfigurationPlatforms) = preSolution
		Debug|Any CPU = Debug|Any CPU
		Release|Any CPU = Release|Any CPU
	EndGlobalSection
	GlobalSection(ProjectConfigurationPlatforms) = postSolution
		{67B70B5B-96F2-4DE0-BF1F-3E692B32551F}.Debug|Any CPU.ActiveCfg = Debug|Any CPU
		{67B70B5B-96F2-4DE0-BF1F-3E692B32551F}.Debug|Any CPU.Build.0 = Debug|Any CPU
		{67B70B5B-96F2-4DE0-BF1F-3E692B32551F}.Release|Any CPU.ActiveCfg = Release|Any CPU
		{67B70B5B-96F2-4DE0-BF1F-3E692B32551F}.Release|Any CPU.Build.0 = Release|Any CPU
	EndGlobalSection
	GlobalSection(SolutionProperties) = preSolution
		HideSolutionNode = FALSE
	EndGlobalSection
	GlobalSection(ExtensibilityGlobals) = postSolution
		SolutionGuid = {90A924F9-A3BF-4CC1-8792-C4FE510B637D}
	EndGlobalSection
EndGlobal
