
Microsoft Visual Studio Solution File, Format Version 12.00
# Visual Studio 14
VisualStudioVersion = 14.0.25420.1
MinimumVisualStudioVersion = 10.0.40219.1
Project("{FAE04EC0-301F-11D3-BF4B-00C04F79EFBC}") = "SNASite", "SNASite\SNASite.csproj", "{680B2035-22EC-47FC-AF12-47BAD45E4FC2}"
EndProject
Project("{FAE04EC0-301F-11D3-BF4B-00C04F79EFBC}") = "DataPrepare", "DataPrepare\DataPrepare.csproj", "{50C553B6-FA92-4F7C-A1CC-0C623C146919}"
EndProject
Project("{FAE04EC0-301F-11D3-BF4B-00C04F79EFBC}") = "DataLibrary", "DataLibrary\DataLibrary.csproj", "{5CCA20F2-4E11-4458-9C7E-E00A69A9E59D}"
EndProject
Global
	GlobalSection(SolutionConfigurationPlatforms) = preSolution
		Debug|Any CPU = Debug|Any CPU
		Release|Any CPU = Release|Any CPU
	EndGlobalSection
	GlobalSection(ProjectConfigurationPlatforms) = postSolution
		{680B2035-22EC-47FC-AF12-47BAD45E4FC2}.Debug|Any CPU.ActiveCfg = Debug|Any CPU
		{680B2035-22EC-47FC-AF12-47BAD45E4FC2}.Debug|Any CPU.Build.0 = Debug|Any CPU
		{680B2035-22EC-47FC-AF12-47BAD45E4FC2}.Release|Any CPU.ActiveCfg = Release|Any CPU
		{680B2035-22EC-47FC-AF12-47BAD45E4FC2}.Release|Any CPU.Build.0 = Release|Any CPU
		{50C553B6-FA92-4F7C-A1CC-0C623C146919}.Debug|Any CPU.ActiveCfg = Debug|Any CPU
		{50C553B6-FA92-4F7C-A1CC-0C623C146919}.Debug|Any CPU.Build.0 = Debug|Any CPU
		{50C553B6-FA92-4F7C-A1CC-0C623C146919}.Release|Any CPU.ActiveCfg = Release|Any CPU
		{50C553B6-FA92-4F7C-A1CC-0C623C146919}.Release|Any CPU.Build.0 = Release|Any CPU
		{5CCA20F2-4E11-4458-9C7E-E00A69A9E59D}.Debug|Any CPU.ActiveCfg = Debug|Any CPU
		{5CCA20F2-4E11-4458-9C7E-E00A69A9E59D}.Debug|Any CPU.Build.0 = Debug|Any CPU
		{5CCA20F2-4E11-4458-9C7E-E00A69A9E59D}.Release|Any CPU.ActiveCfg = Release|Any CPU
		{5CCA20F2-4E11-4458-9C7E-E00A69A9E59D}.Release|Any CPU.Build.0 = Release|Any CPU
	EndGlobalSection
	GlobalSection(SolutionProperties) = preSolution
		HideSolutionNode = FALSE
	EndGlobalSection
EndGlobal
