
Microsoft Visual Studio Solution File, Format Version 12.00
# Visual Studio 14
VisualStudioVersion = 14.0.25420.1
MinimumVisualStudioVersion = 10.0.40219.1
Project("{2150E333-8FDC-42A3-9474-1A3956D46DE8}") = "Solution Items", "Solution Items", "{5419FDC8-A712-4F1D-B53A-B2CD17CD3FEB}"
	ProjectSection(SolutionItems) = preProject
		.gitignore = .gitignore
		LICENSE.md = LICENSE.md
		Licenses.txt = Licenses.txt
		Nuget.config = Nuget.config
		Settings.StyleCop = Settings.StyleCop
	EndProjectSection
EndProject
Project("{FAE04EC0-301F-11D3-BF4B-00C04F79EFBC}") = "Common", "Common\Common.csproj", "{A4F17ACF-FC47-4952-9CBF-613D27CAC02F}"
EndProject
Project("{FAE04EC0-301F-11D3-BF4B-00C04F79EFBC}") = "Deployment", "Deployment\Deployment.csproj", "{1F1D546A-B392-4D40-A591-160C1B8A5B8F}"
EndProject
Project("{FAE04EC0-301F-11D3-BF4B-00C04F79EFBC}") = "AppServiceHost", "AppServiceHost\AppServiceHost.csproj", "{281047B2-0D19-419A-A832-46615F54C446}"
EndProject
Project("{2150E333-8FDC-42A3-9474-1A3956D46DE8}") = "References", "References", "{7D9B00D9-C712-4568-A85B-78F59F7BD1E3}"
	ProjectSection(SolutionItems) = preProject
		References\JiebaNet.Analyser.dll = References\JiebaNet.Analyser.dll
		References\JiebaNet.Analyser.pdb = References\JiebaNet.Analyser.pdb
		References\JiebaNet.Segmenter.dll = References\JiebaNet.Segmenter.dll
		References\JiebaNet.Segmenter.pdb = References\JiebaNet.Segmenter.pdb
	EndProjectSection
EndProject
Global
	GlobalSection(SolutionConfigurationPlatforms) = preSolution
		Debug|Any CPU = Debug|Any CPU
		Release|Any CPU = Release|Any CPU
	EndGlobalSection
	GlobalSection(ProjectConfigurationPlatforms) = postSolution
		{A4F17ACF-FC47-4952-9CBF-613D27CAC02F}.Debug|Any CPU.ActiveCfg = Debug|Any CPU
		{A4F17ACF-FC47-4952-9CBF-613D27CAC02F}.Debug|Any CPU.Build.0 = Debug|Any CPU
		{A4F17ACF-FC47-4952-9CBF-613D27CAC02F}.Release|Any CPU.ActiveCfg = Release|Any CPU
		{A4F17ACF-FC47-4952-9CBF-613D27CAC02F}.Release|Any CPU.Build.0 = Release|Any CPU
		{1F1D546A-B392-4D40-A591-160C1B8A5B8F}.Debug|Any CPU.ActiveCfg = Debug|Any CPU
		{1F1D546A-B392-4D40-A591-160C1B8A5B8F}.Debug|Any CPU.Build.0 = Debug|Any CPU
		{1F1D546A-B392-4D40-A591-160C1B8A5B8F}.Release|Any CPU.ActiveCfg = Release|Any CPU
		{1F1D546A-B392-4D40-A591-160C1B8A5B8F}.Release|Any CPU.Build.0 = Release|Any CPU
		{281047B2-0D19-419A-A832-46615F54C446}.Debug|Any CPU.ActiveCfg = Debug|Any CPU
		{281047B2-0D19-419A-A832-46615F54C446}.Debug|Any CPU.Build.0 = Debug|Any CPU
		{281047B2-0D19-419A-A832-46615F54C446}.Release|Any CPU.ActiveCfg = Release|Any CPU
		{281047B2-0D19-419A-A832-46615F54C446}.Release|Any CPU.Build.0 = Release|Any CPU
	EndGlobalSection
	GlobalSection(SolutionProperties) = preSolution
		HideSolutionNode = FALSE
	EndGlobalSection
EndGlobal
